
Microsoft Visual Studio Solution File, Format Version 12.00
# Visual Studio Version 17
VisualStudioVersion = 17.10.35122.118
MinimumVisualStudioVersion = 10.0.40219.1
Project("{9A19103F-16F7-4668-BE54-9A1E7A4F7556}") = "GUI", "GUI.csproj", "{5969C569-B4FB-4FF8-997A-6ED1E90C5AC6}"
EndProject
Project("{FAE04EC0-301F-11D3-BF4B-00C04F79EFBC}") = "BLL", "..\BLL\BLL.csproj", "{B2ACC2BC-7AC0-4255-B9CB-866CA5F1C153}"
EndProject
Project("{FAE04EC0-301F-11D3-BF4B-00C04F79EFBC}") = "DAL", "..\DAL\DAL.csproj", "{E657CB68-466E-44AD-A56B-9D4C5CF674B4}"
EndProject
Project("{FAE04EC0-301F-11D3-BF4B-00C04F79EFBC}") = "DTO", "..\DTO\DTO.csproj", "{9AD332DA-F608-415E-AD29-1566CFE8B98F}"
EndProject
Global
	GlobalSection(SolutionConfigurationPlatforms) = preSolution
		Debug|Any CPU = Debug|Any CPU
		Release|Any CPU = Release|Any CPU
	EndGlobalSection
	GlobalSection(ProjectConfigurationPlatforms) = postSolution
		{5969C569-B4FB-4FF8-997A-6ED1E90C5AC6}.Debug|Any CPU.ActiveCfg = Debug|Any CPU
		{5969C569-B4FB-4FF8-997A-6ED1E90C5AC6}.Debug|Any CPU.Build.0 = Debug|Any CPU
		{5969C569-B4FB-4FF8-997A-6ED1E90C5AC6}.Release|Any CPU.ActiveCfg = Release|Any CPU
		{5969C569-B4FB-4FF8-997A-6ED1E90C5AC6}.Release|Any CPU.Build.0 = Release|Any CPU
		{B2ACC2BC-7AC0-4255-B9CB-866CA5F1C153}.Debug|Any CPU.ActiveCfg = Debug|Any CPU
		{B2ACC2BC-7AC0-4255-B9CB-866CA5F1C153}.Debug|Any CPU.Build.0 = Debug|Any CPU
		{B2ACC2BC-7AC0-4255-B9CB-866CA5F1C153}.Release|Any CPU.ActiveCfg = Release|Any CPU
		{B2ACC2BC-7AC0-4255-B9CB-866CA5F1C153}.Release|Any CPU.Build.0 = Release|Any CPU
		{E657CB68-466E-44AD-A56B-9D4C5CF674B4}.Debug|Any CPU.ActiveCfg = Debug|Any CPU
		{E657CB68-466E-44AD-A56B-9D4C5CF674B4}.Debug|Any CPU.Build.0 = Debug|Any CPU
		{E657CB68-466E-44AD-A56B-9D4C5CF674B4}.Release|Any CPU.ActiveCfg = Release|Any CPU
		{E657CB68-466E-44AD-A56B-9D4C5CF674B4}.Release|Any CPU.Build.0 = Release|Any CPU
		{9AD332DA-F608-415E-AD29-1566CFE8B98F}.Debug|Any CPU.ActiveCfg = Debug|Any CPU
		{9AD332DA-F608-415E-AD29-1566CFE8B98F}.Debug|Any CPU.Build.0 = Debug|Any CPU
		{9AD332DA-F608-415E-AD29-1566CFE8B98F}.Release|Any CPU.ActiveCfg = Release|Any CPU
		{9AD332DA-F608-415E-AD29-1566CFE8B98F}.Release|Any CPU.Build.0 = Release|Any CPU
	EndGlobalSection
	GlobalSection(SolutionProperties) = preSolution
		HideSolutionNode = FALSE
	EndGlobalSection
	GlobalSection(ExtensibilityGlobals) = postSolution
		SolutionGuid = {017DAA41-7824-4F25-97B9-2BCAC9E21B52}
	EndGlobalSection
EndGlobal
